
Microsoft Visual Studio Solution File, Format Version 12.00
# Visual Studio Version 16
VisualStudioVersion = 16.0.29326.143
MinimumVisualStudioVersion = 10.0.40219.1
Project("{FAE04EC0-301F-11D3-BF4B-00C04F79EFBC}") = "Tam.UWP", "Tam\Tam.UWP\Tam.UWP.csproj", "{96DB9C88-8150-4BC8-A33E-1F8029BAF8ED}"
EndProject
Project("{FAE04EC0-301F-11D3-BF4B-00C04F79EFBC}") = "Tam.Android", "Tam\Tam.Android\Tam.Android.csproj", "{495B8196-7F97-4013-872E-E391AF650439}"
EndProject
Project("{FAE04EC0-301F-11D3-BF4B-00C04F79EFBC}") = "Tam.iOS", "Tam\Tam.iOS\Tam.iOS.csproj", "{3331A233-735D-4B75-AACD-29F778D4CE93}"
EndProject
Project("{9A19103F-16F7-4668-BE54-9A1E7A4F7556}") = "Tam", "Tam\Tam\Tam.csproj", "{F335DC36-701E-4AF2-958B-ECB555E96AAD}"
EndProject
Project("{FAE04EC0-301F-11D3-BF4B-00C04F79EFBC}") = "Tam.WPF", "Tam\Tam.WPF\Tam.WPF.csproj", "{E4998E9E-0CFF-4B62-B710-2997E00638F6}"
EndProject
Global
	GlobalSection(SolutionConfigurationPlatforms) = preSolution
		Debug|Any CPU = Debug|Any CPU
		Debug|ARM = Debug|ARM
		Debug|iPhone = Debug|iPhone
		Debug|iPhoneSimulator = Debug|iPhoneSimulator
		Debug|x64 = Debug|x64
		Debug|x86 = Debug|x86
		Release|Any CPU = Release|Any CPU
		Release|ARM = Release|ARM
		Release|iPhone = Release|iPhone
		Release|iPhoneSimulator = Release|iPhoneSimulator
		Release|x64 = Release|x64
		Release|x86 = Release|x86
	EndGlobalSection
	GlobalSection(ProjectConfigurationPlatforms) = postSolution
		{96DB9C88-8150-4BC8-A33E-1F8029BAF8ED}.Debug|Any CPU.ActiveCfg = Debug|x86
		{96DB9C88-8150-4BC8-A33E-1F8029BAF8ED}.Debug|Any CPU.Build.0 = Debug|x86
		{96DB9C88-8150-4BC8-A33E-1F8029BAF8ED}.Debug|Any CPU.Deploy.0 = Debug|x86
		{96DB9C88-8150-4BC8-A33E-1F8029BAF8ED}.Debug|ARM.ActiveCfg = Debug|ARM
		{96DB9C88-8150-4BC8-A33E-1F8029BAF8ED}.Debug|ARM.Build.0 = Debug|ARM
		{96DB9C88-8150-4BC8-A33E-1F8029BAF8ED}.Debug|ARM.Deploy.0 = Debug|ARM
		{96DB9C88-8150-4BC8-A33E-1F8029BAF8ED}.Debug|iPhone.ActiveCfg = Debug|x86
		{96DB9C88-8150-4BC8-A33E-1F8029BAF8ED}.Debug|iPhone.Build.0 = Debug|x86
		{96DB9C88-8150-4BC8-A33E-1F8029BAF8ED}.Debug|iPhone.Deploy.0 = Debug|x86
		{96DB9C88-8150-4BC8-A33E-1F8029BAF8ED}.Debug|iPhoneSimulator.ActiveCfg = Debug|x86
		{96DB9C88-8150-4BC8-A33E-1F8029BAF8ED}.Debug|iPhoneSimulator.Build.0 = Debug|x86
		{96DB9C88-8150-4BC8-A33E-1F8029BAF8ED}.Debug|iPhoneSimulator.Deploy.0 = Debug|x86
		{96DB9C88-8150-4BC8-A33E-1F8029BAF8ED}.Debug|x64.ActiveCfg = Debug|x64
		{96DB9C88-8150-4BC8-A33E-1F8029BAF8ED}.Debug|x64.Build.0 = Debug|x64
		{96DB9C88-8150-4BC8-A33E-1F8029BAF8ED}.Debug|x64.Deploy.0 = Debug|x64
		{96DB9C88-8150-4BC8-A33E-1F8029BAF8ED}.Debug|x86.ActiveCfg = Debug|x86
		{96DB9C88-8150-4BC8-A33E-1F8029BAF8ED}.Debug|x86.Build.0 = Debug|x86
		{96DB9C88-8150-4BC8-A33E-1F8029BAF8ED}.Debug|x86.Deploy.0 = Debug|x86
		{96DB9C88-8150-4BC8-A33E-1F8029BAF8ED}.Release|Any CPU.ActiveCfg = Release|x86
		{96DB9C88-8150-4BC8-A33E-1F8029BAF8ED}.Release|Any CPU.Build.0 = Release|x86
		{96DB9C88-8150-4BC8-A33E-1F8029BAF8ED}.Release|Any CPU.Deploy.0 = Release|x86
		{96DB9C88-8150-4BC8-A33E-1F8029BAF8ED}.Release|ARM.ActiveCfg = Release|ARM
		{96DB9C88-8150-4BC8-A33E-1F8029BAF8ED}.Release|ARM.Build.0 = Release|ARM
		{96DB9C88-8150-4BC8-A33E-1F8029BAF8ED}.Release|ARM.Deploy.0 = Release|ARM
		{96DB9C88-8150-4BC8-A33E-1F8029BAF8ED}.Release|iPhone.ActiveCfg = Release|x86
		{96DB9C88-8150-4BC8-A33E-1F8029BAF8ED}.Release|iPhone.Build.0 = Release|x86
		{96DB9C88-8150-4BC8-A33E-1F8029BAF8ED}.Release|iPhone.Deploy.0 = Release|x86
		{96DB9C88-8150-4BC8-A33E-1F8029BAF8ED}.Release|iPhoneSimulator.ActiveCfg = Release|x86
		{96DB9C88-8150-4BC8-A33E-1F8029BAF8ED}.Release|iPhoneSimulator.Build.0 = Release|x86
		{96DB9C88-8150-4BC8-A33E-1F8029BAF8ED}.Release|iPhoneSimulator.Deploy.0 = Release|x86
		{96DB9C88-8150-4BC8-A33E-1F8029BAF8ED}.Release|x64.ActiveCfg = Release|x64
		{96DB9C88-8150-4BC8-A33E-1F8029BAF8ED}.Release|x64.Build.0 = Release|x64
		{96DB9C88-8150-4BC8-A33E-1F8029BAF8ED}.Release|x64.Deploy.0 = Release|x64
		{96DB9C88-8150-4BC8-A33E-1F8029BAF8ED}.Release|x86.ActiveCfg = Release|x86
		{96DB9C88-8150-4BC8-A33E-1F8029BAF8ED}.Release|x86.Build.0 = Release|x86
		{96DB9C88-8150-4BC8-A33E-1F8029BAF8ED}.Release|x86.Deploy.0 = Release|x86
		{495B8196-7F97-4013-872E-E391AF650439}.Debug|Any CPU.ActiveCfg = Debug|Any CPU
		{495B8196-7F97-4013-872E-E391AF650439}.Debug|Any CPU.Build.0 = Debug|Any CPU
		{495B8196-7F97-4013-872E-E391AF650439}.Debug|Any CPU.Deploy.0 = Debug|Any CPU
		{495B8196-7F97-4013-872E-E391AF650439}.Debug|ARM.ActiveCfg = Debug|Any CPU
		{495B8196-7F97-4013-872E-E391AF650439}.Debug|ARM.Build.0 = Debug|Any CPU
		{495B8196-7F97-4013-872E-E391AF650439}.Debug|ARM.Deploy.0 = Debug|Any CPU
		{495B8196-7F97-4013-872E-E391AF650439}.Debug|iPhone.ActiveCfg = Debug|Any CPU
		{495B8196-7F97-4013-872E-E391AF650439}.Debug|iPhone.Build.0 = Debug|Any CPU
		{495B8196-7F97-4013-872E-E391AF650439}.Debug|iPhone.Deploy.0 = Debug|Any CPU
		{495B8196-7F97-4013-872E-E391AF650439}.Debug|iPhoneSimulator.ActiveCfg = Debug|Any CPU
		{495B8196-7F97-4013-872E-E391AF650439}.Debug|iPhoneSimulator.Build.0 = Debug|Any CPU
		{495B8196-7F97-4013-872E-E391AF650439}.Debug|iPhoneSimulator.Deploy.0 = Debug|Any CPU
		{495B8196-7F97-4013-872E-E391AF650439}.Debug|x64.ActiveCfg = Debug|Any CPU
		{495B8196-7F97-4013-872E-E391AF650439}.Debug|x64.Build.0 = Debug|Any CPU
		{495B8196-7F97-4013-872E-E391AF650439}.Debug|x64.Deploy.0 = Debug|Any CPU
		{495B8196-7F97-4013-872E-E391AF650439}.Debug|x86.ActiveCfg = Debug|Any CPU
		{495B8196-7F97-4013-872E-E391AF650439}.Debug|x86.Build.0 = Debug|Any CPU
		{495B8196-7F97-4013-872E-E391AF650439}.Debug|x86.Deploy.0 = Debug|Any CPU
		{495B8196-7F97-4013-872E-E391AF650439}.Release|Any CPU.ActiveCfg = Release|Any CPU
		{495B8196-7F97-4013-872E-E391AF650439}.Release|Any CPU.Build.0 = Release|Any CPU
		{495B8196-7F97-4013-872E-E391AF650439}.Release|Any CPU.Deploy.0 = Release|Any CPU
		{495B8196-7F97-4013-872E-E391AF650439}.Release|ARM.ActiveCfg = Release|Any CPU
		{495B8196-7F97-4013-872E-E391AF650439}.Release|ARM.Build.0 = Release|Any CPU
		{495B8196-7F97-4013-872E-E391AF650439}.Release|ARM.Deploy.0 = Release|Any CPU
		{495B8196-7F97-4013-872E-E391AF650439}.Release|iPhone.ActiveCfg = Release|Any CPU
		{495B8196-7F97-4013-872E-E391AF650439}.Release|iPhone.Build.0 = Release|Any CPU
		{495B8196-7F97-4013-872E-E391AF650439}.Release|iPhone.Deploy.0 = Release|Any CPU
		{495B8196-7F97-4013-872E-E391AF650439}.Release|iPhoneSimulator.ActiveCfg = Release|Any CPU
		{495B8196-7F97-4013-872E-E391AF650439}.Release|iPhoneSimulator.Build.0 = Release|Any CPU
		{495B8196-7F97-4013-872E-E391AF650439}.Release|iPhoneSimulator.Deploy.0 = Release|Any CPU
		{495B8196-7F97-4013-872E-E391AF650439}.Release|x64.ActiveCfg = Release|Any CPU
		{495B8196-7F97-4013-872E-E391AF650439}.Release|x64.Build.0 = Release|Any CPU
		{495B8196-7F97-4013-872E-E391AF650439}.Release|x64.Deploy.0 = Release|Any CPU
		{495B8196-7F97-4013-872E-E391AF650439}.Release|x86.ActiveCfg = Release|Any CPU
		{495B8196-7F97-4013-872E-E391AF650439}.Release|x86.Build.0 = Release|Any CPU
		{495B8196-7F97-4013-872E-E391AF650439}.Release|x86.Deploy.0 = Release|Any CPU
		{3331A233-735D-4B75-AACD-29F778D4CE93}.Debug|Any CPU.ActiveCfg = Debug|iPhone
		{3331A233-735D-4B75-AACD-29F778D4CE93}.Debug|Any CPU.Build.0 = Debug|iPhone
		{3331A233-735D-4B75-AACD-29F778D4CE93}.Debug|Any CPU.Deploy.0 = Debug|iPhone
		{3331A233-735D-4B75-AACD-29F778D4CE93}.Debug|ARM.ActiveCfg = Debug|iPhoneSimulator
		{3331A233-735D-4B75-AACD-29F778D4CE93}.Debug|ARM.Build.0 = Debug|iPhoneSimulator
		{3331A233-735D-4B75-AACD-29F778D4CE93}.Debug|ARM.Deploy.0 = Debug|iPhoneSimulator
		{3331A233-735D-4B75-AACD-29F778D4CE93}.Debug|iPhone.ActiveCfg = Debug|iPhone
		{3331A233-735D-4B75-AACD-29F778D4CE93}.Debug|iPhone.Build.0 = Debug|iPhone
		{3331A233-735D-4B75-AACD-29F778D4CE93}.Debug|iPhone.Deploy.0 = Debug|iPhone
		{3331A233-735D-4B75-AACD-29F778D4CE93}.Debug|iPhoneSimulator.ActiveCfg = Debug|iPhoneSimulator
		{3331A233-735D-4B75-AACD-29F778D4CE93}.Debug|iPhoneSimulator.Build.0 = Debug|iPhoneSimulator
		{3331A233-735D-4B75-AACD-29F778D4CE93}.Debug|iPhoneSimulator.Deploy.0 = Debug|iPhoneSimulator
		{3331A233-735D-4B75-AACD-29F778D4CE93}.Debug|x64.ActiveCfg = Debug|iPhone
		{3331A233-735D-4B75-AACD-29F778D4CE93}.Debug|x64.Build.0 = Debug|iPhone
		{3331A233-735D-4B75-AACD-29F778D4CE93}.Debug|x64.Deploy.0 = Debug|iPhone
		{3331A233-735D-4B75-AACD-29F778D4CE93}.Debug|x86.ActiveCfg = Debug|iPhone
		{3331A233-735D-4B75-AACD-29F778D4CE93}.Debug|x86.Build.0 = Debug|iPhone
		{3331A233-735D-4B75-AACD-29F778D4CE93}.Debug|x86.Deploy.0 = Debug|iPhone
		{3331A233-735D-4B75-AACD-29F778D4CE93}.Release|Any CPU.ActiveCfg = Release|iPhone
		{3331A233-735D-4B75-AACD-29F778D4CE93}.Release|Any CPU.Build.0 = Release|iPhone
		{3331A233-735D-4B75-AACD-29F778D4CE93}.Release|Any CPU.Deploy.0 = Release|iPhone
		{3331A233-735D-4B75-AACD-29F778D4CE93}.Release|ARM.ActiveCfg = Release|iPhone
		{3331A233-735D-4B75-AACD-29F778D4CE93}.Release|ARM.Build.0 = Release|iPhone
		{3331A233-735D-4B75-AACD-29F778D4CE93}.Release|ARM.Deploy.0 = Release|iPhone
		{3331A233-735D-4B75-AACD-29F778D4CE93}.Release|iPhone.ActiveCfg = Release|iPhone
		{3331A233-735D-4B75-AACD-29F778D4CE93}.Release|iPhone.Build.0 = Release|iPhone
		{3331A233-735D-4B75-AACD-29F778D4CE93}.Release|iPhone.Deploy.0 = Release|iPhone
		{3331A233-735D-4B75-AACD-29F778D4CE93}.Release|iPhoneSimulator.ActiveCfg = Release|iPhoneSimulator
		{3331A233-735D-4B75-AACD-29F778D4CE93}.Release|iPhoneSimulator.Build.0 = Release|iPhoneSimulator
		{3331A233-735D-4B75-AACD-29F778D4CE93}.Release|iPhoneSimulator.Deploy.0 = Release|iPhoneSimulator
		{3331A233-735D-4B75-AACD-29F778D4CE93}.Release|x64.ActiveCfg = Release|iPhone
		{3331A233-735D-4B75-AACD-29F778D4CE93}.Release|x64.Build.0 = Release|iPhone
		{3331A233-735D-4B75-AACD-29F778D4CE93}.Release|x64.Deploy.0 = Release|iPhone
		{3331A233-735D-4B75-AACD-29F778D4CE93}.Release|x86.ActiveCfg = Release|iPhone
		{3331A233-735D-4B75-AACD-29F778D4CE93}.Release|x86.Build.0 = Release|iPhone
		{3331A233-735D-4B75-AACD-29F778D4CE93}.Release|x86.Deploy.0 = Release|iPhone
		{F335DC36-701E-4AF2-958B-ECB555E96AAD}.Debug|Any CPU.ActiveCfg = Debug|Any CPU
		{F335DC36-701E-4AF2-958B-ECB555E96AAD}.Debug|Any CPU.Build.0 = Debug|Any CPU
		{F335DC36-701E-4AF2-958B-ECB555E96AAD}.Debug|Any CPU.Deploy.0 = Debug|Any CPU
		{F335DC36-701E-4AF2-958B-ECB555E96AAD}.Debug|ARM.ActiveCfg = Debug|Any CPU
		{F335DC36-701E-4AF2-958B-ECB555E96AAD}.Debug|ARM.Build.0 = Debug|Any CPU
		{F335DC36-701E-4AF2-958B-ECB555E96AAD}.Debug|ARM.Deploy.0 = Debug|Any CPU
		{F335DC36-701E-4AF2-958B-ECB555E96AAD}.Debug|iPhone.ActiveCfg = Debug|Any CPU
		{F335DC36-701E-4AF2-958B-ECB555E96AAD}.Debug|iPhone.Build.0 = Debug|Any CPU
		{F335DC36-701E-4AF2-958B-ECB555E96AAD}.Debug|iPhone.Deploy.0 = Debug|Any CPU
		{F335DC36-701E-4AF2-958B-ECB555E96AAD}.Debug|iPhoneSimulator.ActiveCfg = Debug|Any CPU
		{F335DC36-701E-4AF2-958B-ECB555E96AAD}.Debug|iPhoneSimulator.Build.0 = Debug|Any CPU
		{F335DC36-701E-4AF2-958B-ECB555E96AAD}.Debug|iPhoneSimulator.Deploy.0 = Debug|Any CPU
		{F335DC36-701E-4AF2-958B-ECB555E96AAD}.Debug|x64.ActiveCfg = Debug|Any CPU
		{F335DC36-701E-4AF2-958B-ECB555E96AAD}.Debug|x64.Build.0 = Debug|Any CPU
		{F335DC36-701E-4AF2-958B-ECB555E96AAD}.Debug|x64.Deploy.0 = Debug|Any CPU
		{F335DC36-701E-4AF2-958B-ECB555E96AAD}.Debug|x86.ActiveCfg = Debug|Any CPU
		{F335DC36-701E-4AF2-958B-ECB555E96AAD}.Debug|x86.Build.0 = Debug|Any CPU
		{F335DC36-701E-4AF2-958B-ECB555E96AAD}.Debug|x86.Deploy.0 = Debug|Any CPU
		{F335DC36-701E-4AF2-958B-ECB555E96AAD}.Release|Any CPU.ActiveCfg = Release|Any CPU
		{F335DC36-701E-4AF2-958B-ECB555E96AAD}.Release|Any CPU.Build.0 = Release|Any CPU
		{F335DC36-701E-4AF2-958B-ECB555E96AAD}.Release|Any CPU.Deploy.0 = Release|Any CPU
		{F335DC36-701E-4AF2-958B-ECB555E96AAD}.Release|ARM.ActiveCfg = Release|Any CPU
		{F335DC36-701E-4AF2-958B-ECB555E96AAD}.Release|ARM.Build.0 = Release|Any CPU
		{F335DC36-701E-4AF2-958B-ECB555E96AAD}.Release|ARM.Deploy.0 = Release|Any CPU
		{F335DC36-701E-4AF2-958B-ECB555E96AAD}.Release|iPhone.ActiveCfg = Release|Any CPU
		{F335DC36-701E-4AF2-958B-ECB555E96AAD}.Release|iPhone.Build.0 = Release|Any CPU
		{F335DC36-701E-4AF2-958B-ECB555E96AAD}.Release|iPhone.Deploy.0 = Release|Any CPU
		{F335DC36-701E-4AF2-958B-ECB555E96AAD}.Release|iPhoneSimulator.ActiveCfg = Release|Any CPU
		{F335DC36-701E-4AF2-958B-ECB555E96AAD}.Release|iPhoneSimulator.Build.0 = Release|Any CPU
		{F335DC36-701E-4AF2-958B-ECB555E96AAD}.Release|iPhoneSimulator.Deploy.0 = Release|Any CPU
		{F335DC36-701E-4AF2-958B-ECB555E96AAD}.Release|x64.ActiveCfg = Release|Any CPU
		{F335DC36-701E-4AF2-958B-ECB555E96AAD}.Release|x64.Build.0 = Release|Any CPU
		{F335DC36-701E-4AF2-958B-ECB555E96AAD}.Release|x64.Deploy.0 = Release|Any CPU
		{F335DC36-701E-4AF2-958B-ECB555E96AAD}.Release|x86.ActiveCfg = Release|Any CPU
		{F335DC36-701E-4AF2-958B-ECB555E96AAD}.Release|x86.Build.0 = Release|Any CPU
		{F335DC36-701E-4AF2-958B-ECB555E96AAD}.Release|x86.Deploy.0 = Release|Any CPU
		{E4998E9E-0CFF-4B62-B710-2997E00638F6}.Debug|Any CPU.ActiveCfg = Debug|Any CPU
		{E4998E9E-0CFF-4B62-B710-2997E00638F6}.Debug|Any CPU.Build.0 = Debug|Any CPU
		{E4998E9E-0CFF-4B62-B710-2997E00638F6}.Debug|ARM.ActiveCfg = Debug|Any CPU
		{E4998E9E-0CFF-4B62-B710-2997E00638F6}.Debug|ARM.Build.0 = Debug|Any CPU
		{E4998E9E-0CFF-4B62-B710-2997E00638F6}.Debug|iPhone.ActiveCfg = Debug|Any CPU
		{E4998E9E-0CFF-4B62-B710-2997E00638F6}.Debug|iPhone.Build.0 = Debug|Any CPU
		{E4998E9E-0CFF-4B62-B710-2997E00638F6}.Debug|iPhoneSimulator.ActiveCfg = Debug|Any CPU
		{E4998E9E-0CFF-4B62-B710-2997E00638F6}.Debug|iPhoneSimulator.Build.0 = Debug|Any CPU
		{E4998E9E-0CFF-4B62-B710-2997E00638F6}.Debug|x64.ActiveCfg = Debug|Any CPU
		{E4998E9E-0CFF-4B62-B710-2997E00638F6}.Debug|x64.Build.0 = Debug|Any CPU
		{E4998E9E-0CFF-4B62-B710-2997E00638F6}.Debug|x86.ActiveCfg = Debug|Any CPU
		{E4998E9E-0CFF-4B62-B710-2997E00638F6}.Debug|x86.Build.0 = Debug|Any CPU
		{E4998E9E-0CFF-4B62-B710-2997E00638F6}.Release|Any CPU.ActiveCfg = Release|Any CPU
		{E4998E9E-0CFF-4B62-B710-2997E00638F6}.Release|Any CPU.Build.0 = Release|Any CPU
		{E4998E9E-0CFF-4B62-B710-2997E00638F6}.Release|ARM.ActiveCfg = Release|Any CPU
		{E4998E9E-0CFF-4B62-B710-2997E00638F6}.Release|ARM.Build.0 = Release|Any CPU
		{E4998E9E-0CFF-4B62-B710-2997E00638F6}.Release|iPhone.ActiveCfg = Release|Any CPU
		{E4998E9E-0CFF-4B62-B710-2997E00638F6}.Release|iPhone.Build.0 = Release|Any CPU
		{E4998E9E-0CFF-4B62-B710-2997E00638F6}.Release|iPhoneSimulator.ActiveCfg = Release|Any CPU
		{E4998E9E-0CFF-4B62-B710-2997E00638F6}.Release|iPhoneSimulator.Build.0 = Release|Any CPU
		{E4998E9E-0CFF-4B62-B710-2997E00638F6}.Release|x64.ActiveCfg = Release|Any CPU
		{E4998E9E-0CFF-4B62-B710-2997E00638F6}.Release|x64.Build.0 = Release|Any CPU
		{E4998E9E-0CFF-4B62-B710-2997E00638F6}.Release|x86.ActiveCfg = Release|Any CPU
		{E4998E9E-0CFF-4B62-B710-2997E00638F6}.Release|x86.Build.0 = Release|Any CPU
	EndGlobalSection
	GlobalSection(SolutionProperties) = preSolution
		HideSolutionNode = FALSE
	EndGlobalSection
	GlobalSection(ExtensibilityGlobals) = postSolution
		SolutionGuid = {19C059F2-A13F-4878-B2BF-52DF5E64BC5E}
	EndGlobalSection
EndGlobal
